// !$*UTF8*$!
{
	archiveVersion = 1;
	classes = {
	};
	objectVersion = 46;
	objects = {

/* Begin PBXBuildFile section */
		B1F562F81B0BAF2C006F476D /* AppDelegate.swift in Sources */ = {isa = PBXBuildFile; fileRef = B1F562F71B0BAF2C006F476D /* AppDelegate.swift */; };
		B1F562FA1B0BAF2C006F476D /* RecordSoundsViewController.swift in Sources */ = {isa = PBXBuildFile; fileRef = B1F562F91B0BAF2C006F476D /* RecordSoundsViewController.swift */; };
		B1F562FD1B0BAF2C006F476D /* Main.storyboard in Resources */ = {isa = PBXBuildFile; fileRef = B1F562FB1B0BAF2C006F476D /* Main.storyboard */; };
		B1F562FF1B0BAF2C006F476D /* Images.xcassets in Resources */ = {isa = PBXBuildFile; fileRef = B1F562FE1B0BAF2C006F476D /* Images.xcassets */; };
		B1F563021B0BAF2C006F476D /* LaunchScreen.xib in Resources */ = {isa = PBXBuildFile; fileRef = B1F563001B0BAF2C006F476D /* LaunchScreen.xib */; };
		B1F5630E1B0BAF2C006F476D /* Pitch_PerfectTests.swift in Sources */ = {isa = PBXBuildFile; fileRef = B1F5630D1B0BAF2C006F476D /* Pitch_PerfectTests.swift */; };
		B1F563181B0F3289006F476D /* PlaySoundsViewController.swift in Sources */ = {isa = PBXBuildFile; fileRef = B1F563171B0F3289006F476D /* PlaySoundsViewController.swift */; };
		B1F5631A1B0F5371006F476D /* movie_quote.mp3 in Resources */ = {isa = PBXBuildFile; fileRef = B1F563191B0F5371006F476D /* movie_quote.mp3 */; };
		B1F5631C1B1C71FA006F476D /* RecordedAudio.swift in Sources */ = {isa = PBXBuildFile; fileRef = B1F5631B1B1C71FA006F476D /* RecordedAudio.swift */; };
/* End PBXBuildFile section */

/* Begin PBXContainerItemProxy section */
		B1F563081B0BAF2C006F476D /* PBXContainerItemProxy */ = {
			isa = PBXContainerItemProxy;
			containerPortal = B1F562EA1B0BAF2C006F476D /* Project object */;
			proxyType = 1;
			remoteGlobalIDString = B1F562F11B0BAF2C006F476D;
			remoteInfo = "Pitch Perfect";
		};
/* End PBXContainerItemProxy section */

/* Begin PBXFileReference section */
		B1F562F21B0BAF2C006F476D /* Pitch Perfect.app */ = {isa = PBXFileReference; explicitFileType = wrapper.application; includeInIndex = 0; path = "Pitch Perfect.app"; sourceTree = BUILT_PRODUCTS_DIR; };
		B1F562F61B0BAF2C006F476D /* Info.plist */ = {isa = PBXFileReference; lastKnownFileType = text.plist.xml; path = Info.plist; sourceTree = "<group>"; };
		B1F562F71B0BAF2C006F476D /* AppDelegate.swift */ = {isa = PBXFileReference; lastKnownFileType = sourcecode.swift; path = AppDelegate.swift; sourceTree = "<group>"; };
		B1F562F91B0BAF2C006F476D /* RecordSoundsViewController.swift */ = {isa = PBXFileReference; lastKnownFileType = sourcecode.swift; path = RecordSoundsViewController.swift; sourceTree = "<group>"; };
		B1F562FC1B0BAF2C006F476D /* Base */ = {isa = PBXFileReference; lastKnownFileType = file.storyboard; name = Base; path = Base.lproj/Main.storyboard; sourceTree = "<group>"; };
		B1F562FE1B0BAF2C006F476D /* Images.xcassets */ = {isa = PBXFileReference; lastKnownFileType = folder.assetcatalog; path = Images.xcassets; sourceTree = "<group>"; };
		B1F563011B0BAF2C006F476D /* Base */ = {isa = PBXFileReference; lastKnownFileType = file.xib; name = Base; path = Base.lproj/LaunchScreen.xib; sourceTree = "<group>"; };
		B1F563071B0BAF2C006F476D /* Pitch PerfectTests.xctest */ = {isa = PBXFileReference; explicitFileType = wrapper.cfbundle; includeInIndex = 0; path = "Pitch PerfectTests.xctest"; sourceTree = BUILT_PRODUCTS_DIR; };
		B1F5630C1B0BAF2C006F476D /* Info.plist */ = {isa = PBXFileReference; lastKnownFileType = text.plist.xml; path = Info.plist; sourceTree = "<group>"; };
		B1F5630D1B0BAF2C006F476D /* Pitch_PerfectTests.swift */ = {isa = PBXFileReference; lastKnownFileType = sourcecode.swift; path = Pitch_PerfectTests.swift; sourceTree = "<group>"; };
		B1F563171B0F3289006F476D /* PlaySoundsViewController.swift */ = {isa = PBXFileReference; fileEncoding = 4; lastKnownFileType = sourcecode.swift; path = PlaySoundsViewController.swift; sourceTree = "<group>"; };
		B1F563191B0F5371006F476D /* movie_quote.mp3 */ = {isa = PBXFileReference; lastKnownFileType = audio.mp3; path = movie_quote.mp3; sourceTree = SOURCE_ROOT; };
		B1F5631B1B1C71FA006F476D /* RecordedAudio.swift */ = {isa = PBXFileReference; fileEncoding = 4; lastKnownFileType = sourcecode.swift; name = RecordedAudio.swift; path = ../RecordedAudio.swift; sourceTree = "<group>"; };
/* End PBXFileReference section */

/* Begin PBXFrameworksBuildPhase section */
		B1F562EF1B0BAF2C006F476D /* Frameworks */ = {
			isa = PBXFrameworksBuildPhase;
			buildActionMask = 2147483647;
			files = (
			);
			runOnlyForDeploymentPostprocessing = 0;
		};
		B1F563041B0BAF2C006F476D /* Frameworks */ = {
			isa = PBXFrameworksBuildPhase;
			buildActionMask = 2147483647;
			files = (
			);
			runOnlyForDeploymentPostprocessing = 0;
		};
/* End PBXFrameworksBuildPhase section */

/* Begin PBXGroup section */
		B1F562E91B0BAF2C006F476D = {
			isa = PBXGroup;
			children = (
				B1F562F41B0BAF2C006F476D /* Pitch Perfect */,
				B1F5630A1B0BAF2C006F476D /* Pitch PerfectTests */,
				B1F562F31B0BAF2C006F476D /* Products */,
			);
			sourceTree = "<group>";
		};
		B1F562F31B0BAF2C006F476D /* Products */ = {
			isa = PBXGroup;
			children = (
				B1F562F21B0BAF2C006F476D /* Pitch Perfect.app */,
				B1F563071B0BAF2C006F476D /* Pitch PerfectTests.xctest */,
			);
			name = Products;
			sourceTree = "<group>";
		};
		B1F562F41B0BAF2C006F476D /* Pitch Perfect */ = {
			isa = PBXGroup;
			children = (
				B1F5631B1B1C71FA006F476D /* RecordedAudio.swift */,
				B1F562F71B0BAF2C006F476D /* AppDelegate.swift */,
				B1F562F91B0BAF2C006F476D /* RecordSoundsViewController.swift */,
				B1F563171B0F3289006F476D /* PlaySoundsViewController.swift */,
				B1F562FB1B0BAF2C006F476D /* Main.storyboard */,
				B1F562FE1B0BAF2C006F476D /* Images.xcassets */,
				B1F563001B0BAF2C006F476D /* LaunchScreen.xib */,
				B1F562F51B0BAF2C006F476D /* Supporting Files */,
			);
			path = "Pitch Perfect";
			sourceTree = "<group>";
		};
		B1F562F51B0BAF2C006F476D /* Supporting Files */ = {
			isa = PBXGroup;
			children = (
				B1F563191B0F5371006F476D /* movie_quote.mp3 */,
				B1F562F61B0BAF2C006F476D /* Info.plist */,
			);
			name = "Supporting Files";
			sourceTree = "<group>";
		};
		B1F5630A1B0BAF2C006F476D /* Pitch PerfectTests */ = {
			isa = PBXGroup;
			children = (
				B1F5630D1B0BAF2C006F476D /* Pitch_PerfectTests.swift */,
				B1F5630B1B0BAF2C006F476D /* Supporting Files */,
			);
			path = "Pitch PerfectTests";
			sourceTree = "<group>";
		};
		B1F5630B1B0BAF2C006F476D /* Supporting Files */ = {
			isa = PBXGroup;
			children = (
				B1F5630C1B0BAF2C006F476D /* Info.plist */,
			);
			name = "Supporting Files";
			sourceTree = "<group>";
		};
/* End PBXGroup section */

/* Begin PBXNativeTarget section */
		B1F562F11B0BAF2C006F476D /* Pitch Perfect */ = {
			isa = PBXNativeTarget;
			buildConfigurationList = B1F563111B0BAF2C006F476D /* Build configuration list for PBXNativeTarget "Pitch Perfect" */;
			buildPhases = (
				B1F562EE1B0BAF2C006F476D /* Sources */,
				B1F562EF1B0BAF2C006F476D /* Frameworks */,
				B1F562F01B0BAF2C006F476D /* Resources */,
			);
			buildRules = (
			);
			dependencies = (
			);
			name = "Pitch Perfect";
			productName = "Pitch Perfect";
			productReference = B1F562F21B0BAF2C006F476D /* Pitch Perfect.app */;
			productType = "com.apple.product-type.application";
		};
		B1F563061B0BAF2C006F476D /* Pitch PerfectTests */ = {
			isa = PBXNativeTarget;
			buildConfigurationList = B1F563141B0BAF2C006F476D /* Build configuration list for PBXNativeTarget "Pitch PerfectTests" */;
			buildPhases = (
				B1F563031B0BAF2C006F476D /* Sources */,
				B1F563041B0BAF2C006F476D /* Frameworks */,
				B1F563051B0BAF2C006F476D /* Resources */,
			);
			buildRules = (
			);
			dependencies = (
				B1F563091B0BAF2C006F476D /* PBXTargetDependency */,
			);
			name = "Pitch PerfectTests";
			productName = "Pitch PerfectTests";
			productReference = B1F563071B0BAF2C006F476D /* Pitch PerfectTests.xctest */;
			productType = "com.apple.product-type.bundle.unit-test";
		};
/* End PBXNativeTarget section */

/* Begin PBXProject section */
		B1F562EA1B0BAF2C006F476D /* Project object */ = {
			isa = PBXProject;
			attributes = {
				LastUpgradeCheck = 0630;
				ORGANIZATIONNAME = "Colin Fraser";
				TargetAttributes = {
					B1F562F11B0BAF2C006F476D = {
						CreatedOnToolsVersion = 6.3.1;
						DevelopmentTeam = A7U3VUR3Z2;
					};
					B1F563061B0BAF2C006F476D = {
						CreatedOnToolsVersion = 6.3.1;
						TestTargetID = B1F562F11B0BAF2C006F476D;
					};
				};
			};
			buildConfigurationList = B1F562ED1B0BAF2C006F476D /* Build configuration list for PBXProject "Pitch Perfect" */;
			compatibilityVersion = "Xcode 3.2";
			developmentRegion = English;
			hasScannedForEncodings = 0;
			knownRegions = (
				en,
				Base,
			);
			mainGroup = B1F562E91B0BAF2C006F476D;
			productRefGroup = B1F562F31B0BAF2C006F476D /* Products */;
			projectDirPath = "";
			projectRoot = "";
			targets = (
				B1F562F11B0BAF2C006F476D /* Pitch Perfect */,
				B1F563061B0BAF2C006F476D /* Pitch PerfectTests */,
			);
		};
/* End PBXProject section */

/* Begin PBXResourcesBuildPhase section */
		B1F562F01B0BAF2C006F476D /* Resources */ = {
			isa = PBXResourcesBuildPhase;
			buildActionMask = 2147483647;
			files = (
				B1F562FD1B0BAF2C006F476D /* Main.storyboard in Resources */,
				B1F563021B0BAF2C006F476D /* LaunchScreen.xib in Resources */,
				B1F5631A1B0F5371006F476D /* movie_quote.mp3 in Resources */,
				B1F562FF1B0BAF2C006F476D /* Images.xcassets in Resources */,
			);
			runOnlyForDeploymentPostprocessing = 0;
		};
		B1F563051B0BAF2C006F476D /* Resources */ = {
			isa = PBXResourcesBuildPhase;
			buildActionMask = 2147483647;
			files = (
			);
			runOnlyForDeploymentPostprocessing = 0;
		};
/* End PBXResourcesBuildPhase section */

/* Begin PBXSourcesBuildPhase section */
		B1F562EE1B0BAF2C006F476D /* Sources */ = {
			isa = PBXSourcesBuildPhase;
			buildActionMask = 2147483647;
			files = (
				B1F5631C1B1C71FA006F476D /* RecordedAudio.swift in Sources */,
				B1F562FA1B0BAF2C006F476D /* RecordSoundsViewController.swift in Sources */,
				B1F563181B0F3289006F476D /* PlaySoundsViewController.swift in Sources */,
				B1F562F81B0BAF2C006F476D /* AppDelegate.swift in Sources */,
			);
			runOnlyForDeploymentPostprocessing = 0;
		};
		B1F563031B0BAF2C006F476D /* Sources */ = {
			isa = PBXSourcesBuildPhase;
			buildActionMask = 2147483647;
			files = (
				B1F5630E1B0BAF2C006F476D /* Pitch_PerfectTests.swift in Sources */,
			);
			runOnlyForDeploymentPostprocessing = 0;
		};
/* End PBXSourcesBuildPhase section */

/* Begin PBXTargetDependency section */
		B1F563091B0BAF2C006F476D /* PBXTargetDependency */ = {
			isa = PBXTargetDependency;
			target = B1F562F11B0BAF2C006F476D /* Pitch Perfect */;
			targetProxy = B1F563081B0BAF2C006F476D /* PBXContainerItemProxy */;
		};
/* End PBXTargetDependency section */

/* Begin PBXVariantGroup section */
		B1F562FB1B0BAF2C006F476D /* Main.storyboard */ = {
			isa = PBXVariantGroup;
			children = (
				B1F562FC1B0BAF2C006F476D /* Base */,
			);
			name = Main.storyboard;
			sourceTree = "<group>";
		};
		B1F563001B0BAF2C006F476D /* LaunchScreen.xib */ = {
			isa = PBXVariantGroup;
			children = (
				B1F563011B0BAF2C006F476D /* Base */,
			);
			name = LaunchScreen.xib;
			sourceTree = "<group>";
		};
/* End PBXVariantGroup section */

/* Begin XCBuildConfiguration section */
		B1F5630F1B0BAF2C006F476D /* Debug */ = {
			isa = XCBuildConfiguration;
			buildSettings = {
				ALWAYS_SEARCH_USER_PATHS = NO;
				CLANG_CXX_LANGUAGE_STANDARD = "gnu++0x";
				CLANG_CXX_LIBRARY = "libc++";
				CLANG_ENABLE_MODULES = YES;
				CLANG_ENABLE_OBJC_ARC = YES;
				CLANG_WARN_BOOL_CONVERSION = YES;
				CLANG_WARN_CONSTANT_CONVERSION = YES;
				CLANG_WARN_DIRECT_OBJC_ISA_USAGE = YES_ERROR;
				CLANG_WARN_EMPTY_BODY = YES;
				CLANG_WARN_ENUM_CONVERSION = YES;
				CLANG_WARN_INT_CONVERSION = YES;
				CLANG_WARN_OBJC_ROOT_CLASS = YES_ERROR;
				CLANG_WARN_UNREACHABLE_CODE = YES;
				CLANG_WARN__DUPLICATE_METHOD_MATCH = YES;
				"CODE_SIGN_IDENTITY[sdk=iphoneos*]" = "iPhone Developer";
				COPY_PHASE_STRIP = NO;
				DEBUG_INFORMATION_FORMAT = "dwarf-with-dsym";
				ENABLE_STRICT_OBJC_MSGSEND = YES;
				GCC_C_LANGUAGE_STANDARD = gnu99;
				GCC_DYNAMIC_NO_PIC = NO;
				GCC_NO_COMMON_BLOCKS = YES;
				GCC_OPTIMIZATION_LEVEL = 0;
				GCC_PREPROCESSOR_DEFINITIONS = (
					"DEBUG=1",
					"$(inherited)",
				);
				GCC_SYMBOLS_PRIVATE_EXTERN = NO;
				GCC_WARN_64_TO_32_BIT_CONVERSION = YES;
				GCC_WARN_ABOUT_RETURN_TYPE = YES_ERROR;
				GCC_WARN_UNDECLARED_SELECTOR = YES;
				GCC_WARN_UNINITIALIZED_AUTOS = YES_AGGRESSIVE;
				GCC_WARN_UNUSED_FUNCTION = YES;
				GCC_WARN_UNUSED_VARIABLE = YES;
				IPHONEOS_DEPLOYMENT_TARGET = 8.3;
				MTL_ENABLE_DEBUG_INFO = YES;
				ONLY_ACTIVE_ARCH = YES;
				SDKROOT = iphoneos;
				SWIFT_OPTIMIZATION_LEVEL = "-Onone";
			};
			name = Debug;
		};
		B1F563101B0BAF2C006F476D /* Release */ = {
			isa = XCBuildConfiguration;
			buildSettings = {
				ALWAYS_SEARCH_USER_PATHS = NO;
				CLANG_CXX_LANGUAGE_STANDARD = "gnu++0x";
				CLANG_CXX_LIBRARY = "libc++";
				CLANG_ENABLE_MODULES = YES;
				CLANG_ENABLE_OBJC_ARC = YES;
				CLANG_WARN_BOOL_CONVERSION = YES;
				CLANG_WARN_CONSTANT_CONVERSION = YES;
				CLANG_WARN_DIRECT_OBJC_ISA_USAGE = YES_ERROR;
				CLANG_WARN_EMPTY_BODY = YES;
				CLANG_WARN_ENUM_CONVERSION = YES;
				CLANG_WARN_INT_CONVERSION = YES;
				CLANG_WARN_OBJC_ROOT_CLASS = YES_ERROR;
				CLANG_WARN_UNREACHABLE_CODE = YES;
				CLANG_WARN__DUPLICATE_METHOD_MATCH = YES;
				"CODE_SIGN_IDENTITY[sdk=iphoneos*]" = "iPhone Developer";
				COPY_PHASE_STRIP = NO;
				DEBUG_INFORMATION_FORMAT = "dwarf-with-dsym";
				ENABLE_NS_ASSERTIONS = NO;
				ENABLE_STRICT_OBJC_MSGSEND = YES;
				GCC_C_LANGUAGE_STANDARD = gnu99;
				GCC_NO_COMMON_BLOCKS = YES;
				GCC_WARN_64_TO_32_BIT_CONVERSION = YES;
				GCC_WARN_ABOUT_RETURN_TYPE = YES_ERROR;
				GCC_WARN_UNDECLARED_SELECTOR = YES;
				GCC_WARN_UNINITIALIZED_AUTOS = YES_AGGRESSIVE;
				GCC_WARN_UNUSED_FUNCTION = YES;
				GCC_WARN_UNUSED_VARIABLE = YES;
				IPHONEOS_DEPLOYMENT_TARGET = 8.3;
				MTL_ENABLE_DEBUG_INFO = NO;
				SDKROOT = iphoneos;
				VALIDATE_PRODUCT = YES;
			};
			name = Release;
		};
		B1F563121B0BAF2C006F476D /* Debug */ = {
			isa = XCBuildConfiguration;
			buildSettings = {
				ASSETCATALOG_COMPILER_APPICON_NAME = AppIcon;
				CODE_SIGN_IDENTITY = "iPhone Developer";
				"CODE_SIGN_IDENTITY[sdk=iphoneos*]" = "iPhone Developer";
				INFOPLIST_FILE = "Pitch Perfect/Info.plist";
				LD_RUNPATH_SEARCH_PATHS = "$(inherited) @executable_path/Frameworks";
				PRODUCT_NAME = "$(TARGET_NAME)";
				PROVISIONING_PROFILE = "";
			};
			name = Debug;
		};
		B1F563131B0BAF2C006F476D /* Release */ = {
			isa = XCBuildConfiguration;
			buildSettings = {
				ASSETCATALOG_COMPILER_APPICON_NAME = AppIcon;
				CODE_SIGN_IDENTITY = "iPhone Developer";
				"CODE_SIGN_IDENTITY[sdk=iphoneos*]" = "iPhone Developer";
				INFOPLIST_FILE = "Pitch Perfect/Info.plist";
				LD_RUNPATH_SEARCH_PATHS = "$(inherited) @executable_path/Frameworks";
				PRODUCT_NAME = "$(TARGET_NAME)";
				PROVISIONING_PROFILE = "";
			};
			name = Release;
		};
		B1F563151B0BAF2C006F476D /* Debug */ = {
			isa = XCBuildConfiguration;
			buildSettings = {
				BUNDLE_LOADER = "$(TEST_HOST)";
				FRAMEWORK_SEARCH_PATHS = (
					"$(SDKROOT)/Developer/Library/Frameworks",
					"$(inherited)",
				);
				GCC_PREPROCESSOR_DEFINITIONS = (
					"DEBUG=1",
					"$(inherited)",
				);
				INFOPLIST_FILE = "Pitch PerfectTests/Info.plist";
				LD_RUNPATH_SEARCH_PATHS = "$(inherited) @executable_path/Frameworks @loader_path/Frameworks";
				PRODUCT_NAME = "$(TARGET_NAME)";
				TEST_HOST = "$(BUILT_PRODUCTS_DIR)/Pitch Perfect.app/Pitch Perfect";
			};
			name = Debug;
		};
		B1F563161B0BAF2C006F476D /* Release */ = {
			isa = XCBuildConfiguration;
			buildSettings = {
				BUNDLE_LOADER = "$(TEST_HOST)";
				FRAMEWORK_SEARCH_PATHS = (
					"$(SDKROOT)/Developer/Library/Frameworks",
					"$(inherited)",
				);
				INFOPLIST_FILE = "Pitch PerfectTests/Info.plist";
				LD_RUNPATH_SEARCH_PATHS = "$(inherited) @executable_path/Frameworks @loader_path/Frameworks";
				PRODUCT_NAME = "$(TARGET_NAME)";
				TEST_HOST = "$(BUILT_PRODUCTS_DIR)/Pitch Perfect.app/Pitch Perfect";
			};
			name = Release;
		};
/* End XCBuildConfiguration section */

/* Begin XCConfigurationList section */
		B1F562ED1B0BAF2C006F476D /* Build configuration list for PBXProject "Pitch Perfect" */ = {
			isa = XCConfigurationList;
			buildConfigurations = (
				B1F5630F1B0BAF2C006F476D /* Debug */,
				B1F563101B0BAF2C006F476D /* Release */,
			);
			defaultConfigurationIsVisible = 0;
			defaultConfigurationName = Release;
		};
		B1F563111B0BAF2C006F476D /* Build configuration list for PBXNativeTarget "Pitch Perfect" */ = {
			isa = XCConfigurationList;
			buildConfigurations = (
				B1F563121B0BAF2C006F476D /* Debug */,
				B1F563131B0BAF2C006F476D /* Release */,
			);
			defaultConfigurationIsVisible = 0;
		};
		B1F563141B0BAF2C006F476D /* Build configuration list for PBXNativeTarget "Pitch PerfectTests" */ = {
			isa = XCConfigurationList;
			buildConfigurations = (
				B1F563151B0BAF2C006F476D /* Debug */,
				B1F563161B0BAF2C006F476D /* Release */,
			);
			defaultConfigurationIsVisible = 0;
		};
/* End XCConfigurationList section */
	};
	rootObject = B1F562EA1B0BAF2C006F476D /* Project object */;
}
